
Microsoft Visual Studio Solution File, Format Version 12.00
# Visual Studio 15
VisualStudioVersion = 15.0.26228.9
MinimumVisualStudioVersion = 10.0.40219.1
Project("{FAE04EC0-301F-11D3-BF4B-00C04F79EFBC}") = "MultiNotes.Core", "MultiNotes.Core\MultiNotes.Core.csproj", "{4406A1FC-AB0C-4561-8659-D5FDC8D7A1B8}"
EndProject
Project("{FAE04EC0-301F-11D3-BF4B-00C04F79EFBC}") = "MultiNotes.Windows", "MultiNotes.Windows\MultiNotes.Windows.csproj", "{F65DCB4D-108F-46FC-AE2D-FEC3436F5092}"
EndProject
Project("{D954291E-2A0B-460D-934E-DC6B0785DB48}") = "MultiNotes.Android", "MultiNotes.Android\MultiNotes.Android\MultiNotes.Android.shproj", "{679730C6-6AB0-46EF-9C0A-74107E8EFE63}"
EndProject
Project("{FAE04EC0-301F-11D3-BF4B-00C04F79EFBC}") = "MultiNotes.Android.Android", "MultiNotes.Android\MultiNotes.Android.Android\MultiNotes.Android.Android.csproj", "{5E2FE73C-3E89-4551-B354-0BF2EB78F19E}"
EndProject
Project("{FAE04EC0-301F-11D3-BF4B-00C04F79EFBC}") = "MultiNotes.Android.iOS", "MultiNotes.Android\MultiNotes.Android.iOS\MultiNotes.Android.iOS.csproj", "{4D8F036B-36CF-4362-8F51-C71B81F3CD3C}"
EndProject
Global
	GlobalSection(SharedMSBuildProjectFiles) = preSolution
		MultiNotes.Android\MultiNotes.Android\MultiNotes.Android.projitems*{4d8f036b-36cf-4362-8f51-c71b81f3cd3c}*SharedItemsImports = 4
		MultiNotes.Android\MultiNotes.Android\MultiNotes.Android.projitems*{5e2fe73c-3e89-4551-b354-0bf2eb78f19e}*SharedItemsImports = 4
		MultiNotes.Android\MultiNotes.Android\MultiNotes.Android.projitems*{679730c6-6ab0-46ef-9c0a-74107e8efe63}*SharedItemsImports = 13
	EndGlobalSection
	GlobalSection(SolutionConfigurationPlatforms) = preSolution
		Ad-Hoc|Any CPU = Ad-Hoc|Any CPU
		Ad-Hoc|iPhone = Ad-Hoc|iPhone
		Ad-Hoc|iPhoneSimulator = Ad-Hoc|iPhoneSimulator
		AppStore|Any CPU = AppStore|Any CPU
		AppStore|iPhone = AppStore|iPhone
		AppStore|iPhoneSimulator = AppStore|iPhoneSimulator
		Debug|Any CPU = Debug|Any CPU
		Debug|iPhone = Debug|iPhone
		Debug|iPhoneSimulator = Debug|iPhoneSimulator
		Release|Any CPU = Release|Any CPU
		Release|iPhone = Release|iPhone
		Release|iPhoneSimulator = Release|iPhoneSimulator
	EndGlobalSection
	GlobalSection(ProjectConfigurationPlatforms) = postSolution
		{4406A1FC-AB0C-4561-8659-D5FDC8D7A1B8}.Ad-Hoc|Any CPU.ActiveCfg = Debug|Any CPU
		{4406A1FC-AB0C-4561-8659-D5FDC8D7A1B8}.Ad-Hoc|Any CPU.Build.0 = Debug|Any CPU
		{4406A1FC-AB0C-4561-8659-D5FDC8D7A1B8}.Ad-Hoc|iPhone.ActiveCfg = Debug|Any CPU
		{4406A1FC-AB0C-4561-8659-D5FDC8D7A1B8}.Ad-Hoc|iPhone.Build.0 = Debug|Any CPU
		{4406A1FC-AB0C-4561-8659-D5FDC8D7A1B8}.Ad-Hoc|iPhoneSimulator.ActiveCfg = Debug|Any CPU
		{4406A1FC-AB0C-4561-8659-D5FDC8D7A1B8}.Ad-Hoc|iPhoneSimulator.Build.0 = Debug|Any CPU
		{4406A1FC-AB0C-4561-8659-D5FDC8D7A1B8}.AppStore|Any CPU.ActiveCfg = Debug|Any CPU
		{4406A1FC-AB0C-4561-8659-D5FDC8D7A1B8}.AppStore|Any CPU.Build.0 = Debug|Any CPU
		{4406A1FC-AB0C-4561-8659-D5FDC8D7A1B8}.AppStore|iPhone.ActiveCfg = Debug|Any CPU
		{4406A1FC-AB0C-4561-8659-D5FDC8D7A1B8}.AppStore|iPhone.Build.0 = Debug|Any CPU
		{4406A1FC-AB0C-4561-8659-D5FDC8D7A1B8}.AppStore|iPhoneSimulator.ActiveCfg = Debug|Any CPU
		{4406A1FC-AB0C-4561-8659-D5FDC8D7A1B8}.AppStore|iPhoneSimulator.Build.0 = Debug|Any CPU
		{4406A1FC-AB0C-4561-8659-D5FDC8D7A1B8}.Debug|Any CPU.ActiveCfg = Debug|Any CPU
		{4406A1FC-AB0C-4561-8659-D5FDC8D7A1B8}.Debug|Any CPU.Build.0 = Debug|Any CPU
		{4406A1FC-AB0C-4561-8659-D5FDC8D7A1B8}.Debug|iPhone.ActiveCfg = Debug|Any CPU
		{4406A1FC-AB0C-4561-8659-D5FDC8D7A1B8}.Debug|iPhone.Build.0 = Debug|Any CPU
		{4406A1FC-AB0C-4561-8659-D5FDC8D7A1B8}.Debug|iPhoneSimulator.ActiveCfg = Debug|Any CPU
		{4406A1FC-AB0C-4561-8659-D5FDC8D7A1B8}.Debug|iPhoneSimulator.Build.0 = Debug|Any CPU
		{4406A1FC-AB0C-4561-8659-D5FDC8D7A1B8}.Release|Any CPU.ActiveCfg = Release|Any CPU
		{4406A1FC-AB0C-4561-8659-D5FDC8D7A1B8}.Release|Any CPU.Build.0 = Release|Any CPU
		{4406A1FC-AB0C-4561-8659-D5FDC8D7A1B8}.Release|iPhone.ActiveCfg = Release|Any CPU
		{4406A1FC-AB0C-4561-8659-D5FDC8D7A1B8}.Release|iPhone.Build.0 = Release|Any CPU
		{4406A1FC-AB0C-4561-8659-D5FDC8D7A1B8}.Release|iPhoneSimulator.ActiveCfg = Release|Any CPU
		{4406A1FC-AB0C-4561-8659-D5FDC8D7A1B8}.Release|iPhoneSimulator.Build.0 = Release|Any CPU
		{F65DCB4D-108F-46FC-AE2D-FEC3436F5092}.Ad-Hoc|Any CPU.ActiveCfg = Release|Any CPU
		{F65DCB4D-108F-46FC-AE2D-FEC3436F5092}.Ad-Hoc|Any CPU.Build.0 = Release|Any CPU
		{F65DCB4D-108F-46FC-AE2D-FEC3436F5092}.Ad-Hoc|iPhone.ActiveCfg = Release|Any CPU
		{F65DCB4D-108F-46FC-AE2D-FEC3436F5092}.Ad-Hoc|iPhone.Build.0 = Release|Any CPU
		{F65DCB4D-108F-46FC-AE2D-FEC3436F5092}.Ad-Hoc|iPhoneSimulator.ActiveCfg = Release|Any CPU
		{F65DCB4D-108F-46FC-AE2D-FEC3436F5092}.Ad-Hoc|iPhoneSimulator.Build.0 = Release|Any CPU
		{F65DCB4D-108F-46FC-AE2D-FEC3436F5092}.AppStore|Any CPU.ActiveCfg = Release|Any CPU
		{F65DCB4D-108F-46FC-AE2D-FEC3436F5092}.AppStore|Any CPU.Build.0 = Release|Any CPU
		{F65DCB4D-108F-46FC-AE2D-FEC3436F5092}.AppStore|iPhone.ActiveCfg = Release|Any CPU
		{F65DCB4D-108F-46FC-AE2D-FEC3436F5092}.AppStore|iPhone.Build.0 = Release|Any CPU
		{F65DCB4D-108F-46FC-AE2D-FEC3436F5092}.AppStore|iPhoneSimulator.ActiveCfg = Release|Any CPU
		{F65DCB4D-108F-46FC-AE2D-FEC3436F5092}.AppStore|iPhoneSimulator.Build.0 = Release|Any CPU
		{F65DCB4D-108F-46FC-AE2D-FEC3436F5092}.Debug|Any CPU.ActiveCfg = Debug|Any CPU
		{F65DCB4D-108F-46FC-AE2D-FEC3436F5092}.Debug|Any CPU.Build.0 = Debug|Any CPU
		{F65DCB4D-108F-46FC-AE2D-FEC3436F5092}.Debug|iPhone.ActiveCfg = Debug|Any CPU
		{F65DCB4D-108F-46FC-AE2D-FEC3436F5092}.Debug|iPhone.Build.0 = Debug|Any CPU
		{F65DCB4D-108F-46FC-AE2D-FEC3436F5092}.Debug|iPhoneSimulator.ActiveCfg = Debug|Any CPU
		{F65DCB4D-108F-46FC-AE2D-FEC3436F5092}.Debug|iPhoneSimulator.Build.0 = Debug|Any CPU
		{F65DCB4D-108F-46FC-AE2D-FEC3436F5092}.Release|Any CPU.ActiveCfg = Release|Any CPU
		{F65DCB4D-108F-46FC-AE2D-FEC3436F5092}.Release|Any CPU.Build.0 = Release|Any CPU
		{F65DCB4D-108F-46FC-AE2D-FEC3436F5092}.Release|iPhone.ActiveCfg = Release|Any CPU
		{F65DCB4D-108F-46FC-AE2D-FEC3436F5092}.Release|iPhone.Build.0 = Release|Any CPU
		{F65DCB4D-108F-46FC-AE2D-FEC3436F5092}.Release|iPhoneSimulator.ActiveCfg = Release|Any CPU
		{F65DCB4D-108F-46FC-AE2D-FEC3436F5092}.Release|iPhoneSimulator.Build.0 = Release|Any CPU
		{5E2FE73C-3E89-4551-B354-0BF2EB78F19E}.Ad-Hoc|Any CPU.ActiveCfg = Release|Any CPU
		{5E2FE73C-3E89-4551-B354-0BF2EB78F19E}.Ad-Hoc|Any CPU.Build.0 = Release|Any CPU
		{5E2FE73C-3E89-4551-B354-0BF2EB78F19E}.Ad-Hoc|Any CPU.Deploy.0 = Release|Any CPU
		{5E2FE73C-3E89-4551-B354-0BF2EB78F19E}.Ad-Hoc|iPhone.ActiveCfg = Release|Any CPU
		{5E2FE73C-3E89-4551-B354-0BF2EB78F19E}.Ad-Hoc|iPhone.Build.0 = Release|Any CPU
		{5E2FE73C-3E89-4551-B354-0BF2EB78F19E}.Ad-Hoc|iPhone.Deploy.0 = Release|Any CPU
		{5E2FE73C-3E89-4551-B354-0BF2EB78F19E}.Ad-Hoc|iPhoneSimulator.ActiveCfg = Release|Any CPU
		{5E2FE73C-3E89-4551-B354-0BF2EB78F19E}.Ad-Hoc|iPhoneSimulator.Build.0 = Release|Any CPU
		{5E2FE73C-3E89-4551-B354-0BF2EB78F19E}.Ad-Hoc|iPhoneSimulator.Deploy.0 = Release|Any CPU
		{5E2FE73C-3E89-4551-B354-0BF2EB78F19E}.AppStore|Any CPU.ActiveCfg = Release|Any CPU
		{5E2FE73C-3E89-4551-B354-0BF2EB78F19E}.AppStore|Any CPU.Build.0 = Release|Any CPU
		{5E2FE73C-3E89-4551-B354-0BF2EB78F19E}.AppStore|Any CPU.Deploy.0 = Release|Any CPU
		{5E2FE73C-3E89-4551-B354-0BF2EB78F19E}.AppStore|iPhone.ActiveCfg = Release|Any CPU
		{5E2FE73C-3E89-4551-B354-0BF2EB78F19E}.AppStore|iPhone.Build.0 = Release|Any CPU
		{5E2FE73C-3E89-4551-B354-0BF2EB78F19E}.AppStore|iPhone.Deploy.0 = Release|Any CPU
		{5E2FE73C-3E89-4551-B354-0BF2EB78F19E}.AppStore|iPhoneSimulator.ActiveCfg = Release|Any CPU
		{5E2FE73C-3E89-4551-B354-0BF2EB78F19E}.AppStore|iPhoneSimulator.Build.0 = Release|Any CPU
		{5E2FE73C-3E89-4551-B354-0BF2EB78F19E}.AppStore|iPhoneSimulator.Deploy.0 = Release|Any CPU
		{5E2FE73C-3E89-4551-B354-0BF2EB78F19E}.Debug|Any CPU.ActiveCfg = Debug|Any CPU
		{5E2FE73C-3E89-4551-B354-0BF2EB78F19E}.Debug|Any CPU.Build.0 = Debug|Any CPU
		{5E2FE73C-3E89-4551-B354-0BF2EB78F19E}.Debug|Any CPU.Deploy.0 = Debug|Any CPU
		{5E2FE73C-3E89-4551-B354-0BF2EB78F19E}.Debug|iPhone.ActiveCfg = Debug|Any CPU
		{5E2FE73C-3E89-4551-B354-0BF2EB78F19E}.Debug|iPhone.Build.0 = Debug|Any CPU
		{5E2FE73C-3E89-4551-B354-0BF2EB78F19E}.Debug|iPhone.Deploy.0 = Debug|Any CPU
		{5E2FE73C-3E89-4551-B354-0BF2EB78F19E}.Debug|iPhoneSimulator.ActiveCfg = Debug|Any CPU
		{5E2FE73C-3E89-4551-B354-0BF2EB78F19E}.Debug|iPhoneSimulator.Build.0 = Debug|Any CPU
		{5E2FE73C-3E89-4551-B354-0BF2EB78F19E}.Debug|iPhoneSimulator.Deploy.0 = Debug|Any CPU
		{5E2FE73C-3E89-4551-B354-0BF2EB78F19E}.Release|Any CPU.ActiveCfg = Release|Any CPU
		{5E2FE73C-3E89-4551-B354-0BF2EB78F19E}.Release|Any CPU.Build.0 = Release|Any CPU
		{5E2FE73C-3E89-4551-B354-0BF2EB78F19E}.Release|Any CPU.Deploy.0 = Release|Any CPU
		{5E2FE73C-3E89-4551-B354-0BF2EB78F19E}.Release|iPhone.ActiveCfg = Release|Any CPU
		{5E2FE73C-3E89-4551-B354-0BF2EB78F19E}.Release|iPhone.Build.0 = Release|Any CPU
		{5E2FE73C-3E89-4551-B354-0BF2EB78F19E}.Release|iPhone.Deploy.0 = Release|Any CPU
		{5E2FE73C-3E89-4551-B354-0BF2EB78F19E}.Release|iPhoneSimulator.ActiveCfg = Release|Any CPU
		{5E2FE73C-3E89-4551-B354-0BF2EB78F19E}.Release|iPhoneSimulator.Build.0 = Release|Any CPU
		{5E2FE73C-3E89-4551-B354-0BF2EB78F19E}.Release|iPhoneSimulator.Deploy.0 = Release|Any CPU
		{4D8F036B-36CF-4362-8F51-C71B81F3CD3C}.Ad-Hoc|Any CPU.ActiveCfg = Ad-Hoc|iPhone
		{4D8F036B-36CF-4362-8F51-C71B81F3CD3C}.Ad-Hoc|iPhone.ActiveCfg = Ad-Hoc|iPhone
		{4D8F036B-36CF-4362-8F51-C71B81F3CD3C}.Ad-Hoc|iPhone.Build.0 = Ad-Hoc|iPhone
		{4D8F036B-36CF-4362-8F51-C71B81F3CD3C}.Ad-Hoc|iPhoneSimulator.ActiveCfg = Ad-Hoc|iPhoneSimulator
		{4D8F036B-36CF-4362-8F51-C71B81F3CD3C}.Ad-Hoc|iPhoneSimulator.Build.0 = Ad-Hoc|iPhoneSimulator
		{4D8F036B-36CF-4362-8F51-C71B81F3CD3C}.AppStore|Any CPU.ActiveCfg = AppStore|iPhone
		{4D8F036B-36CF-4362-8F51-C71B81F3CD3C}.AppStore|iPhone.ActiveCfg = AppStore|iPhone
		{4D8F036B-36CF-4362-8F51-C71B81F3CD3C}.AppStore|iPhone.Build.0 = AppStore|iPhone
		{4D8F036B-36CF-4362-8F51-C71B81F3CD3C}.AppStore|iPhoneSimulator.ActiveCfg = AppStore|iPhoneSimulator
		{4D8F036B-36CF-4362-8F51-C71B81F3CD3C}.AppStore|iPhoneSimulator.Build.0 = AppStore|iPhoneSimulator
		{4D8F036B-36CF-4362-8F51-C71B81F3CD3C}.Debug|Any CPU.ActiveCfg = Debug|iPhone
		{4D8F036B-36CF-4362-8F51-C71B81F3CD3C}.Debug|iPhone.ActiveCfg = Debug|iPhone
		{4D8F036B-36CF-4362-8F51-C71B81F3CD3C}.Debug|iPhone.Build.0 = Debug|iPhone
		{4D8F036B-36CF-4362-8F51-C71B81F3CD3C}.Debug|iPhoneSimulator.ActiveCfg = Debug|iPhoneSimulator
		{4D8F036B-36CF-4362-8F51-C71B81F3CD3C}.Debug|iPhoneSimulator.Build.0 = Debug|iPhoneSimulator
		{4D8F036B-36CF-4362-8F51-C71B81F3CD3C}.Release|Any CPU.ActiveCfg = Release|iPhone
		{4D8F036B-36CF-4362-8F51-C71B81F3CD3C}.Release|iPhone.ActiveCfg = Release|iPhone
		{4D8F036B-36CF-4362-8F51-C71B81F3CD3C}.Release|iPhone.Build.0 = Release|iPhone
		{4D8F036B-36CF-4362-8F51-C71B81F3CD3C}.Release|iPhoneSimulator.ActiveCfg = Release|iPhoneSimulator
		{4D8F036B-36CF-4362-8F51-C71B81F3CD3C}.Release|iPhoneSimulator.Build.0 = Release|iPhoneSimulator
	EndGlobalSection
	GlobalSection(SolutionProperties) = preSolution
		HideSolutionNode = FALSE
	EndGlobalSection
EndGlobal
