
Microsoft Visual Studio Solution File, Format Version 12.00
# Visual Studio 15
VisualStudioVersion = 15.0.26228.10
MinimumVisualStudioVersion = 10.0.40219.1
Project("{9A19103F-16F7-4668-BE54-9A1E7A4F7556}") = "MultiNotes.Core", "MultiNotes.Core\MultiNotes.Core.csproj", "{4406A1FC-AB0C-4561-8659-D5FDC8D7A1B8}"
EndProject
Project("{FAE04EC0-301F-11D3-BF4B-00C04F79EFBC}") = "MultiNotes.Windows", "MultiNotes.Windows\MultiNotes.Windows.csproj", "{F65DCB4D-108F-46FC-AE2D-FEC3436F5092}"
EndProject
Project("{D954291E-2A0B-460D-934E-DC6B0785DB48}") = "MultiNotes.Android", "MultiNotes.Android\MultiNotes.Android\MultiNotes.Android.shproj", "{0AE38379-A08E-4A11-AB8E-0B7F53624E96}"
EndProject
Project("{FAE04EC0-301F-11D3-BF4B-00C04F79EFBC}") = "MultiNotes.Android.Android", "MultiNotes.Android\MultiNotes.Android.Android\MultiNotes.Android.Android.csproj", "{197FDE5E-BF8E-4258-BC3B-EACC52A0FD67}"
EndProject
Project("{FAE04EC0-301F-11D3-BF4B-00C04F79EFBC}") = "MultiNotes.Android.iOS", "MultiNotes.Android\MultiNotes.Android.iOS\MultiNotes.Android.iOS.csproj", "{E4BBA020-2E4D-4773-8154-8E4EC3B7AF47}"
EndProject
Project("{FAE04EC0-301F-11D3-BF4B-00C04F79EFBC}") = "MultiNotes.TESTPROJECT", "MultiNotes.TESTPROJECT\MultiNotes.TESTPROJECT.csproj", "{3CC223ED-C560-4069-9343-12D928CC03C4}"
EndProject
Project("{FAE04EC0-301F-11D3-BF4B-00C04F79EFBC}") = "MultiNotes.SimplyClient", "MultiNotes.SimplyClient\MultiNotes.SimplyClient.csproj", "{076ABBDE-9ABF-4590-8C61-7344882B3D8F}"
EndProject
Global
	GlobalSection(SharedMSBuildProjectFiles) = preSolution
		MultiNotes.Android\MultiNotes.Android\MultiNotes.Android.projitems*{0ae38379-a08e-4a11-ab8e-0b7f53624e96}*SharedItemsImports = 13
		MultiNotes.Android\MultiNotes.Android\MultiNotes.Android.projitems*{197fde5e-bf8e-4258-bc3b-eacc52a0fd67}*SharedItemsImports = 4
		MultiNotes.Android\MultiNotes.Android\MultiNotes.Android.projitems*{e4bba020-2e4d-4773-8154-8e4ec3b7af47}*SharedItemsImports = 4
	EndGlobalSection
	GlobalSection(SolutionConfigurationPlatforms) = preSolution
		Ad-Hoc|Any CPU = Ad-Hoc|Any CPU
		Ad-Hoc|iPhone = Ad-Hoc|iPhone
		Ad-Hoc|iPhoneSimulator = Ad-Hoc|iPhoneSimulator
		AppStore|Any CPU = AppStore|Any CPU
		AppStore|iPhone = AppStore|iPhone
		AppStore|iPhoneSimulator = AppStore|iPhoneSimulator
		Debug|Any CPU = Debug|Any CPU
		Debug|iPhone = Debug|iPhone
		Debug|iPhoneSimulator = Debug|iPhoneSimulator
		Release|Any CPU = Release|Any CPU
		Release|iPhone = Release|iPhone
		Release|iPhoneSimulator = Release|iPhoneSimulator
	EndGlobalSection
	GlobalSection(ProjectConfigurationPlatforms) = postSolution
		{4406A1FC-AB0C-4561-8659-D5FDC8D7A1B8}.Ad-Hoc|Any CPU.ActiveCfg = Debug|Any CPU
		{4406A1FC-AB0C-4561-8659-D5FDC8D7A1B8}.Ad-Hoc|Any CPU.Build.0 = Debug|Any CPU
		{4406A1FC-AB0C-4561-8659-D5FDC8D7A1B8}.Ad-Hoc|iPhone.ActiveCfg = Debug|Any CPU
		{4406A1FC-AB0C-4561-8659-D5FDC8D7A1B8}.Ad-Hoc|iPhone.Build.0 = Debug|Any CPU
		{4406A1FC-AB0C-4561-8659-D5FDC8D7A1B8}.Ad-Hoc|iPhoneSimulator.ActiveCfg = Debug|Any CPU
		{4406A1FC-AB0C-4561-8659-D5FDC8D7A1B8}.Ad-Hoc|iPhoneSimulator.Build.0 = Debug|Any CPU
		{4406A1FC-AB0C-4561-8659-D5FDC8D7A1B8}.AppStore|Any CPU.ActiveCfg = Debug|Any CPU
		{4406A1FC-AB0C-4561-8659-D5FDC8D7A1B8}.AppStore|Any CPU.Build.0 = Debug|Any CPU
		{4406A1FC-AB0C-4561-8659-D5FDC8D7A1B8}.AppStore|iPhone.ActiveCfg = Debug|Any CPU
		{4406A1FC-AB0C-4561-8659-D5FDC8D7A1B8}.AppStore|iPhone.Build.0 = Debug|Any CPU
		{4406A1FC-AB0C-4561-8659-D5FDC8D7A1B8}.AppStore|iPhoneSimulator.ActiveCfg = Debug|Any CPU
		{4406A1FC-AB0C-4561-8659-D5FDC8D7A1B8}.AppStore|iPhoneSimulator.Build.0 = Debug|Any CPU
		{4406A1FC-AB0C-4561-8659-D5FDC8D7A1B8}.Debug|Any CPU.ActiveCfg = Debug|Any CPU
		{4406A1FC-AB0C-4561-8659-D5FDC8D7A1B8}.Debug|Any CPU.Build.0 = Debug|Any CPU
		{4406A1FC-AB0C-4561-8659-D5FDC8D7A1B8}.Debug|iPhone.ActiveCfg = Debug|Any CPU
		{4406A1FC-AB0C-4561-8659-D5FDC8D7A1B8}.Debug|iPhone.Build.0 = Debug|Any CPU
		{4406A1FC-AB0C-4561-8659-D5FDC8D7A1B8}.Debug|iPhoneSimulator.ActiveCfg = Debug|Any CPU
		{4406A1FC-AB0C-4561-8659-D5FDC8D7A1B8}.Debug|iPhoneSimulator.Build.0 = Debug|Any CPU
		{4406A1FC-AB0C-4561-8659-D5FDC8D7A1B8}.Release|Any CPU.ActiveCfg = Release|Any CPU
		{4406A1FC-AB0C-4561-8659-D5FDC8D7A1B8}.Release|Any CPU.Build.0 = Release|Any CPU
		{4406A1FC-AB0C-4561-8659-D5FDC8D7A1B8}.Release|iPhone.ActiveCfg = Release|Any CPU
		{4406A1FC-AB0C-4561-8659-D5FDC8D7A1B8}.Release|iPhone.Build.0 = Release|Any CPU
		{4406A1FC-AB0C-4561-8659-D5FDC8D7A1B8}.Release|iPhoneSimulator.ActiveCfg = Release|Any CPU
		{4406A1FC-AB0C-4561-8659-D5FDC8D7A1B8}.Release|iPhoneSimulator.Build.0 = Release|Any CPU
		{F65DCB4D-108F-46FC-AE2D-FEC3436F5092}.Ad-Hoc|Any CPU.ActiveCfg = Release|Any CPU
		{F65DCB4D-108F-46FC-AE2D-FEC3436F5092}.Ad-Hoc|Any CPU.Build.0 = Release|Any CPU
		{F65DCB4D-108F-46FC-AE2D-FEC3436F5092}.Ad-Hoc|iPhone.ActiveCfg = Release|Any CPU
		{F65DCB4D-108F-46FC-AE2D-FEC3436F5092}.Ad-Hoc|iPhone.Build.0 = Release|Any CPU
		{F65DCB4D-108F-46FC-AE2D-FEC3436F5092}.Ad-Hoc|iPhoneSimulator.ActiveCfg = Release|Any CPU
		{F65DCB4D-108F-46FC-AE2D-FEC3436F5092}.Ad-Hoc|iPhoneSimulator.Build.0 = Release|Any CPU
		{F65DCB4D-108F-46FC-AE2D-FEC3436F5092}.AppStore|Any CPU.ActiveCfg = Release|Any CPU
		{F65DCB4D-108F-46FC-AE2D-FEC3436F5092}.AppStore|Any CPU.Build.0 = Release|Any CPU
		{F65DCB4D-108F-46FC-AE2D-FEC3436F5092}.AppStore|iPhone.ActiveCfg = Release|Any CPU
		{F65DCB4D-108F-46FC-AE2D-FEC3436F5092}.AppStore|iPhone.Build.0 = Release|Any CPU
		{F65DCB4D-108F-46FC-AE2D-FEC3436F5092}.AppStore|iPhoneSimulator.ActiveCfg = Release|Any CPU
		{F65DCB4D-108F-46FC-AE2D-FEC3436F5092}.AppStore|iPhoneSimulator.Build.0 = Release|Any CPU
		{F65DCB4D-108F-46FC-AE2D-FEC3436F5092}.Debug|Any CPU.ActiveCfg = Debug|Any CPU
		{F65DCB4D-108F-46FC-AE2D-FEC3436F5092}.Debug|Any CPU.Build.0 = Debug|Any CPU
		{F65DCB4D-108F-46FC-AE2D-FEC3436F5092}.Debug|iPhone.ActiveCfg = Debug|Any CPU
		{F65DCB4D-108F-46FC-AE2D-FEC3436F5092}.Debug|iPhone.Build.0 = Debug|Any CPU
		{F65DCB4D-108F-46FC-AE2D-FEC3436F5092}.Debug|iPhoneSimulator.ActiveCfg = Debug|Any CPU
		{F65DCB4D-108F-46FC-AE2D-FEC3436F5092}.Debug|iPhoneSimulator.Build.0 = Debug|Any CPU
		{F65DCB4D-108F-46FC-AE2D-FEC3436F5092}.Release|Any CPU.ActiveCfg = Release|Any CPU
		{F65DCB4D-108F-46FC-AE2D-FEC3436F5092}.Release|Any CPU.Build.0 = Release|Any CPU
		{F65DCB4D-108F-46FC-AE2D-FEC3436F5092}.Release|iPhone.ActiveCfg = Release|Any CPU
		{F65DCB4D-108F-46FC-AE2D-FEC3436F5092}.Release|iPhone.Build.0 = Release|Any CPU
		{F65DCB4D-108F-46FC-AE2D-FEC3436F5092}.Release|iPhoneSimulator.ActiveCfg = Release|Any CPU
		{F65DCB4D-108F-46FC-AE2D-FEC3436F5092}.Release|iPhoneSimulator.Build.0 = Release|Any CPU
		{197FDE5E-BF8E-4258-BC3B-EACC52A0FD67}.Ad-Hoc|Any CPU.ActiveCfg = Release|Any CPU
		{197FDE5E-BF8E-4258-BC3B-EACC52A0FD67}.Ad-Hoc|Any CPU.Build.0 = Release|Any CPU
		{197FDE5E-BF8E-4258-BC3B-EACC52A0FD67}.Ad-Hoc|Any CPU.Deploy.0 = Release|Any CPU
		{197FDE5E-BF8E-4258-BC3B-EACC52A0FD67}.Ad-Hoc|iPhone.ActiveCfg = Release|Any CPU
		{197FDE5E-BF8E-4258-BC3B-EACC52A0FD67}.Ad-Hoc|iPhone.Build.0 = Release|Any CPU
		{197FDE5E-BF8E-4258-BC3B-EACC52A0FD67}.Ad-Hoc|iPhone.Deploy.0 = Release|Any CPU
		{197FDE5E-BF8E-4258-BC3B-EACC52A0FD67}.Ad-Hoc|iPhoneSimulator.ActiveCfg = Release|Any CPU
		{197FDE5E-BF8E-4258-BC3B-EACC52A0FD67}.Ad-Hoc|iPhoneSimulator.Build.0 = Release|Any CPU
		{197FDE5E-BF8E-4258-BC3B-EACC52A0FD67}.Ad-Hoc|iPhoneSimulator.Deploy.0 = Release|Any CPU
		{197FDE5E-BF8E-4258-BC3B-EACC52A0FD67}.AppStore|Any CPU.ActiveCfg = Release|Any CPU
		{197FDE5E-BF8E-4258-BC3B-EACC52A0FD67}.AppStore|Any CPU.Build.0 = Release|Any CPU
		{197FDE5E-BF8E-4258-BC3B-EACC52A0FD67}.AppStore|Any CPU.Deploy.0 = Release|Any CPU
		{197FDE5E-BF8E-4258-BC3B-EACC52A0FD67}.AppStore|iPhone.ActiveCfg = Release|Any CPU
		{197FDE5E-BF8E-4258-BC3B-EACC52A0FD67}.AppStore|iPhone.Build.0 = Release|Any CPU
		{197FDE5E-BF8E-4258-BC3B-EACC52A0FD67}.AppStore|iPhone.Deploy.0 = Release|Any CPU
		{197FDE5E-BF8E-4258-BC3B-EACC52A0FD67}.AppStore|iPhoneSimulator.ActiveCfg = Release|Any CPU
		{197FDE5E-BF8E-4258-BC3B-EACC52A0FD67}.AppStore|iPhoneSimulator.Build.0 = Release|Any CPU
		{197FDE5E-BF8E-4258-BC3B-EACC52A0FD67}.AppStore|iPhoneSimulator.Deploy.0 = Release|Any CPU
		{197FDE5E-BF8E-4258-BC3B-EACC52A0FD67}.Debug|Any CPU.ActiveCfg = Debug|Any CPU
		{197FDE5E-BF8E-4258-BC3B-EACC52A0FD67}.Debug|Any CPU.Build.0 = Debug|Any CPU
		{197FDE5E-BF8E-4258-BC3B-EACC52A0FD67}.Debug|Any CPU.Deploy.0 = Debug|Any CPU
		{197FDE5E-BF8E-4258-BC3B-EACC52A0FD67}.Debug|iPhone.ActiveCfg = Debug|Any CPU
		{197FDE5E-BF8E-4258-BC3B-EACC52A0FD67}.Debug|iPhone.Build.0 = Debug|Any CPU
		{197FDE5E-BF8E-4258-BC3B-EACC52A0FD67}.Debug|iPhone.Deploy.0 = Debug|Any CPU
		{197FDE5E-BF8E-4258-BC3B-EACC52A0FD67}.Debug|iPhoneSimulator.ActiveCfg = Debug|Any CPU
		{197FDE5E-BF8E-4258-BC3B-EACC52A0FD67}.Debug|iPhoneSimulator.Build.0 = Debug|Any CPU
		{197FDE5E-BF8E-4258-BC3B-EACC52A0FD67}.Debug|iPhoneSimulator.Deploy.0 = Debug|Any CPU
		{197FDE5E-BF8E-4258-BC3B-EACC52A0FD67}.Release|Any CPU.ActiveCfg = Release|Any CPU
		{197FDE5E-BF8E-4258-BC3B-EACC52A0FD67}.Release|Any CPU.Build.0 = Release|Any CPU
		{197FDE5E-BF8E-4258-BC3B-EACC52A0FD67}.Release|Any CPU.Deploy.0 = Release|Any CPU
		{197FDE5E-BF8E-4258-BC3B-EACC52A0FD67}.Release|iPhone.ActiveCfg = Release|Any CPU
		{197FDE5E-BF8E-4258-BC3B-EACC52A0FD67}.Release|iPhone.Build.0 = Release|Any CPU
		{197FDE5E-BF8E-4258-BC3B-EACC52A0FD67}.Release|iPhone.Deploy.0 = Release|Any CPU
		{197FDE5E-BF8E-4258-BC3B-EACC52A0FD67}.Release|iPhoneSimulator.ActiveCfg = Release|Any CPU
		{197FDE5E-BF8E-4258-BC3B-EACC52A0FD67}.Release|iPhoneSimulator.Build.0 = Release|Any CPU
		{197FDE5E-BF8E-4258-BC3B-EACC52A0FD67}.Release|iPhoneSimulator.Deploy.0 = Release|Any CPU
		{E4BBA020-2E4D-4773-8154-8E4EC3B7AF47}.Ad-Hoc|Any CPU.ActiveCfg = Ad-Hoc|iPhone
		{E4BBA020-2E4D-4773-8154-8E4EC3B7AF47}.Ad-Hoc|iPhone.ActiveCfg = Ad-Hoc|iPhone
		{E4BBA020-2E4D-4773-8154-8E4EC3B7AF47}.Ad-Hoc|iPhone.Build.0 = Ad-Hoc|iPhone
		{E4BBA020-2E4D-4773-8154-8E4EC3B7AF47}.Ad-Hoc|iPhoneSimulator.ActiveCfg = Ad-Hoc|iPhoneSimulator
		{E4BBA020-2E4D-4773-8154-8E4EC3B7AF47}.Ad-Hoc|iPhoneSimulator.Build.0 = Ad-Hoc|iPhoneSimulator
		{E4BBA020-2E4D-4773-8154-8E4EC3B7AF47}.AppStore|Any CPU.ActiveCfg = AppStore|iPhone
		{E4BBA020-2E4D-4773-8154-8E4EC3B7AF47}.AppStore|iPhone.ActiveCfg = AppStore|iPhone
		{E4BBA020-2E4D-4773-8154-8E4EC3B7AF47}.AppStore|iPhone.Build.0 = AppStore|iPhone
		{E4BBA020-2E4D-4773-8154-8E4EC3B7AF47}.AppStore|iPhoneSimulator.ActiveCfg = AppStore|iPhoneSimulator
		{E4BBA020-2E4D-4773-8154-8E4EC3B7AF47}.AppStore|iPhoneSimulator.Build.0 = AppStore|iPhoneSimulator
		{E4BBA020-2E4D-4773-8154-8E4EC3B7AF47}.Debug|Any CPU.ActiveCfg = Debug|iPhone
		{E4BBA020-2E4D-4773-8154-8E4EC3B7AF47}.Debug|iPhone.ActiveCfg = Debug|iPhone
		{E4BBA020-2E4D-4773-8154-8E4EC3B7AF47}.Debug|iPhone.Build.0 = Debug|iPhone
		{E4BBA020-2E4D-4773-8154-8E4EC3B7AF47}.Debug|iPhoneSimulator.ActiveCfg = Debug|iPhoneSimulator
		{E4BBA020-2E4D-4773-8154-8E4EC3B7AF47}.Debug|iPhoneSimulator.Build.0 = Debug|iPhoneSimulator
		{E4BBA020-2E4D-4773-8154-8E4EC3B7AF47}.Release|Any CPU.ActiveCfg = Release|iPhone
		{E4BBA020-2E4D-4773-8154-8E4EC3B7AF47}.Release|iPhone.ActiveCfg = Release|iPhone
		{E4BBA020-2E4D-4773-8154-8E4EC3B7AF47}.Release|iPhone.Build.0 = Release|iPhone
		{E4BBA020-2E4D-4773-8154-8E4EC3B7AF47}.Release|iPhoneSimulator.ActiveCfg = Release|iPhoneSimulator
		{E4BBA020-2E4D-4773-8154-8E4EC3B7AF47}.Release|iPhoneSimulator.Build.0 = Release|iPhoneSimulator
		{3CC223ED-C560-4069-9343-12D928CC03C4}.Ad-Hoc|Any CPU.ActiveCfg = Release|Any CPU
		{3CC223ED-C560-4069-9343-12D928CC03C4}.Ad-Hoc|Any CPU.Build.0 = Release|Any CPU
		{3CC223ED-C560-4069-9343-12D928CC03C4}.Ad-Hoc|iPhone.ActiveCfg = Release|Any CPU
		{3CC223ED-C560-4069-9343-12D928CC03C4}.Ad-Hoc|iPhone.Build.0 = Release|Any CPU
		{3CC223ED-C560-4069-9343-12D928CC03C4}.Ad-Hoc|iPhoneSimulator.ActiveCfg = Release|Any CPU
		{3CC223ED-C560-4069-9343-12D928CC03C4}.Ad-Hoc|iPhoneSimulator.Build.0 = Release|Any CPU
		{3CC223ED-C560-4069-9343-12D928CC03C4}.AppStore|Any CPU.ActiveCfg = Release|Any CPU
		{3CC223ED-C560-4069-9343-12D928CC03C4}.AppStore|Any CPU.Build.0 = Release|Any CPU
		{3CC223ED-C560-4069-9343-12D928CC03C4}.AppStore|iPhone.ActiveCfg = Release|Any CPU
		{3CC223ED-C560-4069-9343-12D928CC03C4}.AppStore|iPhone.Build.0 = Release|Any CPU
		{3CC223ED-C560-4069-9343-12D928CC03C4}.AppStore|iPhoneSimulator.ActiveCfg = Release|Any CPU
		{3CC223ED-C560-4069-9343-12D928CC03C4}.AppStore|iPhoneSimulator.Build.0 = Release|Any CPU
		{3CC223ED-C560-4069-9343-12D928CC03C4}.Debug|Any CPU.ActiveCfg = Debug|Any CPU
		{3CC223ED-C560-4069-9343-12D928CC03C4}.Debug|Any CPU.Build.0 = Debug|Any CPU
		{3CC223ED-C560-4069-9343-12D928CC03C4}.Debug|iPhone.ActiveCfg = Debug|Any CPU
		{3CC223ED-C560-4069-9343-12D928CC03C4}.Debug|iPhone.Build.0 = Debug|Any CPU
		{3CC223ED-C560-4069-9343-12D928CC03C4}.Debug|iPhoneSimulator.ActiveCfg = Debug|Any CPU
		{3CC223ED-C560-4069-9343-12D928CC03C4}.Debug|iPhoneSimulator.Build.0 = Debug|Any CPU
		{3CC223ED-C560-4069-9343-12D928CC03C4}.Release|Any CPU.ActiveCfg = Release|Any CPU
		{3CC223ED-C560-4069-9343-12D928CC03C4}.Release|Any CPU.Build.0 = Release|Any CPU
		{3CC223ED-C560-4069-9343-12D928CC03C4}.Release|iPhone.ActiveCfg = Release|Any CPU
		{3CC223ED-C560-4069-9343-12D928CC03C4}.Release|iPhone.Build.0 = Release|Any CPU
		{3CC223ED-C560-4069-9343-12D928CC03C4}.Release|iPhoneSimulator.ActiveCfg = Release|Any CPU
		{3CC223ED-C560-4069-9343-12D928CC03C4}.Release|iPhoneSimulator.Build.0 = Release|Any CPU
		{076ABBDE-9ABF-4590-8C61-7344882B3D8F}.Ad-Hoc|Any CPU.ActiveCfg = Release|Any CPU
		{076ABBDE-9ABF-4590-8C61-7344882B3D8F}.Ad-Hoc|Any CPU.Build.0 = Release|Any CPU
		{076ABBDE-9ABF-4590-8C61-7344882B3D8F}.Ad-Hoc|iPhone.ActiveCfg = Release|Any CPU
		{076ABBDE-9ABF-4590-8C61-7344882B3D8F}.Ad-Hoc|iPhone.Build.0 = Release|Any CPU
		{076ABBDE-9ABF-4590-8C61-7344882B3D8F}.Ad-Hoc|iPhoneSimulator.ActiveCfg = Release|Any CPU
		{076ABBDE-9ABF-4590-8C61-7344882B3D8F}.Ad-Hoc|iPhoneSimulator.Build.0 = Release|Any CPU
		{076ABBDE-9ABF-4590-8C61-7344882B3D8F}.AppStore|Any CPU.ActiveCfg = Release|Any CPU
		{076ABBDE-9ABF-4590-8C61-7344882B3D8F}.AppStore|Any CPU.Build.0 = Release|Any CPU
		{076ABBDE-9ABF-4590-8C61-7344882B3D8F}.AppStore|iPhone.ActiveCfg = Release|Any CPU
		{076ABBDE-9ABF-4590-8C61-7344882B3D8F}.AppStore|iPhone.Build.0 = Release|Any CPU
		{076ABBDE-9ABF-4590-8C61-7344882B3D8F}.AppStore|iPhoneSimulator.ActiveCfg = Release|Any CPU
		{076ABBDE-9ABF-4590-8C61-7344882B3D8F}.AppStore|iPhoneSimulator.Build.0 = Release|Any CPU
		{076ABBDE-9ABF-4590-8C61-7344882B3D8F}.Debug|Any CPU.ActiveCfg = Debug|Any CPU
		{076ABBDE-9ABF-4590-8C61-7344882B3D8F}.Debug|Any CPU.Build.0 = Debug|Any CPU
		{076ABBDE-9ABF-4590-8C61-7344882B3D8F}.Debug|iPhone.ActiveCfg = Debug|Any CPU
		{076ABBDE-9ABF-4590-8C61-7344882B3D8F}.Debug|iPhone.Build.0 = Debug|Any CPU
		{076ABBDE-9ABF-4590-8C61-7344882B3D8F}.Debug|iPhoneSimulator.ActiveCfg = Debug|Any CPU
		{076ABBDE-9ABF-4590-8C61-7344882B3D8F}.Debug|iPhoneSimulator.Build.0 = Debug|Any CPU
		{076ABBDE-9ABF-4590-8C61-7344882B3D8F}.Release|Any CPU.ActiveCfg = Release|Any CPU
		{076ABBDE-9ABF-4590-8C61-7344882B3D8F}.Release|Any CPU.Build.0 = Release|Any CPU
		{076ABBDE-9ABF-4590-8C61-7344882B3D8F}.Release|iPhone.ActiveCfg = Release|Any CPU
		{076ABBDE-9ABF-4590-8C61-7344882B3D8F}.Release|iPhone.Build.0 = Release|Any CPU
		{076ABBDE-9ABF-4590-8C61-7344882B3D8F}.Release|iPhoneSimulator.ActiveCfg = Release|Any CPU
		{076ABBDE-9ABF-4590-8C61-7344882B3D8F}.Release|iPhoneSimulator.Build.0 = Release|Any CPU
	EndGlobalSection
	GlobalSection(SolutionProperties) = preSolution
		HideSolutionNode = FALSE
	EndGlobalSection
EndGlobal
