
Microsoft Visual Studio Solution File, Format Version 12.00
# Visual Studio 15
VisualStudioVersion = 15.0.26228.9
MinimumVisualStudioVersion = 10.0.40219.1
Project("{FAE04EC0-301F-11D3-BF4B-00C04F79EFBC}") = "MultiNotes.SimpleClient", "MultiNotes.SimpleClient\MultiNotes.SimpleClient.csproj", "{16F5C6AD-4041-4274-80CE-7DB37AE0F3F3}"
EndProject
Project("{FAE04EC0-301F-11D3-BF4B-00C04F79EFBC}") = "MultiNotes.Core", "MultiNotes.Core\MultiNotes.Core.csproj", "{CBC99545-269C-4ACB-B81D-A9E40D82FE49}"
EndProject
Global
	GlobalSection(SolutionConfigurationPlatforms) = preSolution
		Debug|Any CPU = Debug|Any CPU
		Release|Any CPU = Release|Any CPU
	EndGlobalSection
	GlobalSection(ProjectConfigurationPlatforms) = postSolution
		{16F5C6AD-4041-4274-80CE-7DB37AE0F3F3}.Debug|Any CPU.ActiveCfg = Debug|Any CPU
		{16F5C6AD-4041-4274-80CE-7DB37AE0F3F3}.Debug|Any CPU.Build.0 = Debug|Any CPU
		{16F5C6AD-4041-4274-80CE-7DB37AE0F3F3}.Release|Any CPU.ActiveCfg = Release|Any CPU
		{16F5C6AD-4041-4274-80CE-7DB37AE0F3F3}.Release|Any CPU.Build.0 = Release|Any CPU
		{CBC99545-269C-4ACB-B81D-A9E40D82FE49}.Debug|Any CPU.ActiveCfg = Debug|Any CPU
		{CBC99545-269C-4ACB-B81D-A9E40D82FE49}.Debug|Any CPU.Build.0 = Debug|Any CPU
		{CBC99545-269C-4ACB-B81D-A9E40D82FE49}.Release|Any CPU.ActiveCfg = Release|Any CPU
		{CBC99545-269C-4ACB-B81D-A9E40D82FE49}.Release|Any CPU.Build.0 = Release|Any CPU
	EndGlobalSection
	GlobalSection(SolutionProperties) = preSolution
		HideSolutionNode = FALSE
	EndGlobalSection
EndGlobal
